// !$*UTF8*$!
{
	archiveVersion = 1;
	classes = {
	};
	objectVersion = 46;
	objects = {

/* Begin PBXBuildFile section */
		54685041D270CB3C42333DD8 /* Pods_SimpilfyTests.framework in Frameworks */ = {isa = PBXBuildFile; fileRef = EEC4B3EF15C0AB1589068F6C /* Pods_SimpilfyTests.framework */; };
		7473DCED48624339673F736F /* Pods_Simpilfy.framework in Frameworks */ = {isa = PBXBuildFile; fileRef = 2040C693AC8430CE8FEC00D8 /* Pods_Simpilfy.framework */; };
		8A11A6821D48150A00D893C2 /* AppDelegate.swift in Sources */ = {isa = PBXBuildFile; fileRef = 8A11A6811D48150A00D893C2 /* AppDelegate.swift */; };
		8A11A6841D48150A00D893C2 /* HomeViewController.swift in Sources */ = {isa = PBXBuildFile; fileRef = 8A11A6831D48150A00D893C2 /* HomeViewController.swift */; };
		8A11A6861D48150A00D893C2 /* PlaylistViewController.swift in Sources */ = {isa = PBXBuildFile; fileRef = 8A11A6851D48150A00D893C2 /* PlaylistViewController.swift */; };
		8A11A6891D48150A00D893C2 /* Main.storyboard in Resources */ = {isa = PBXBuildFile; fileRef = 8A11A6871D48150A00D893C2 /* Main.storyboard */; };
		8A11A68B1D48150A00D893C2 /* Assets.xcassets in Resources */ = {isa = PBXBuildFile; fileRef = 8A11A68A1D48150A00D893C2 /* Assets.xcassets */; };
		8A11A68E1D48150A00D893C2 /* LaunchScreen.storyboard in Resources */ = {isa = PBXBuildFile; fileRef = 8A11A68C1D48150A00D893C2 /* LaunchScreen.storyboard */; };
		8A11A6991D48150A00D893C2 /* SimpilfyTests.swift in Sources */ = {isa = PBXBuildFile; fileRef = 8A11A6981D48150A00D893C2 /* SimpilfyTests.swift */; };
		8A11A6A41D48150A00D893C2 /* SimpilfyUITests.swift in Sources */ = {isa = PBXBuildFile; fileRef = 8A11A6A31D48150A00D893C2 /* SimpilfyUITests.swift */; };
		8A11A6B21D48154F00D893C2 /* Spotify.framework in Frameworks */ = {isa = PBXBuildFile; fileRef = 8A11A6B11D48154F00D893C2 /* Spotify.framework */; };
		8A11A6B51D4815C400D893C2 /* AVFoundation.framework in Frameworks */ = {isa = PBXBuildFile; fileRef = 8A11A6B41D4815C400D893C2 /* AVFoundation.framework */; };
		8A11A6B71D4815C800D893C2 /* SystemConfiguration.framework in Frameworks */ = {isa = PBXBuildFile; fileRef = 8A11A6B61D4815C800D893C2 /* SystemConfiguration.framework */; };
		8A11A6BC1D482B4E00D893C2 /* SpotifyManager.swift in Sources */ = {isa = PBXBuildFile; fileRef = 8A11A6BB1D482B4E00D893C2 /* SpotifyManager.swift */; };
		8A11A6BE1D485C3900D893C2 /* Globals.swift in Sources */ = {isa = PBXBuildFile; fileRef = 8A11A6BD1D485C3900D893C2 /* Globals.swift */; };
		8A11A6C01D48F0C200D893C2 /* SongSelectionViewController.swift in Sources */ = {isa = PBXBuildFile; fileRef = 8A11A6BF1D48F0C200D893C2 /* SongSelectionViewController.swift */; };
		8A2AC5001D49057800BC7BCE /* PlayController.swift in Sources */ = {isa = PBXBuildFile; fileRef = 8A2AC4FF1D49057800BC7BCE /* PlayController.swift */; };
		8A2AC5021D49334B00BC7BCE /* FontAwesome.otf in Resources */ = {isa = PBXBuildFile; fileRef = 8A2AC5011D49334B00BC7BCE /* FontAwesome.otf */; };
		8A2AC5061D49336000BC7BCE /* Enum.swift in Sources */ = {isa = PBXBuildFile; fileRef = 8A2AC5031D49336000BC7BCE /* Enum.swift */; };
		8A2AC5071D49336000BC7BCE /* FontAwesome.swift in Sources */ = {isa = PBXBuildFile; fileRef = 8A2AC5041D49336000BC7BCE /* FontAwesome.swift */; };
		8A2AC5081D49336000BC7BCE /* FontAwesomeView.swift in Sources */ = {isa = PBXBuildFile; fileRef = 8A2AC5051D49336000BC7BCE /* FontAwesomeView.swift */; };
		8A2AC50B1D4A356F00BC7BCE /* SessionManager.swift in Sources */ = {isa = PBXBuildFile; fileRef = 8A2AC50A1D4A356F00BC7BCE /* SessionManager.swift */; };
		8A2AC50D1D4AAF3B00BC7BCE /* AlbumSelectionViewController.swift in Sources */ = {isa = PBXBuildFile; fileRef = 8A2AC50C1D4AAF3B00BC7BCE /* AlbumSelectionViewController.swift */; };
		8A2AC50F1D4AC74A00BC7BCE /* AlbumCell.swift in Sources */ = {isa = PBXBuildFile; fileRef = 8A2AC50E1D4AC74A00BC7BCE /* AlbumCell.swift */; };
		8AC4FF0F1D4DAB3800258017 /* SideBarController.swift in Sources */ = {isa = PBXBuildFile; fileRef = 8AC4FF0E1D4DAB3800258017 /* SideBarController.swift */; };
		9AFBDF8F5C30E8F7DA6D850E /* Pods_SimpilfyUITests.framework in Frameworks */ = {isa = PBXBuildFile; fileRef = 978213E3BD45D6BC990940E3 /* Pods_SimpilfyUITests.framework */; };
/* End PBXBuildFile section */

/* Begin PBXContainerItemProxy section */
		8A11A6951D48150A00D893C2 /* PBXContainerItemProxy */ = {
			isa = PBXContainerItemProxy;
			containerPortal = 8A11A6761D48150A00D893C2 /* Project object */;
			proxyType = 1;
			remoteGlobalIDString = 8A11A67D1D48150A00D893C2;
			remoteInfo = Simpilfy;
		};
		8A11A6A01D48150A00D893C2 /* PBXContainerItemProxy */ = {
			isa = PBXContainerItemProxy;
			containerPortal = 8A11A6761D48150A00D893C2 /* Project object */;
			proxyType = 1;
			remoteGlobalIDString = 8A11A67D1D48150A00D893C2;
			remoteInfo = Simpilfy;
		};
/* End PBXContainerItemProxy section */

/* Begin PBXFileReference section */
		1CDF2820BF283EA24C692AED /* Pods-Simpilfy.debug.xcconfig */ = {isa = PBXFileReference; includeInIndex = 1; lastKnownFileType = text.xcconfig; name = "Pods-Simpilfy.debug.xcconfig"; path = "Pods/Target Support Files/Pods-Simpilfy/Pods-Simpilfy.debug.xcconfig"; sourceTree = "<group>"; };
		2040C693AC8430CE8FEC00D8 /* Pods_Simpilfy.framework */ = {isa = PBXFileReference; explicitFileType = wrapper.framework; includeInIndex = 0; path = Pods_Simpilfy.framework; sourceTree = BUILT_PRODUCTS_DIR; };
		8A11A67E1D48150A00D893C2 /* Simpilfy.app */ = {isa = PBXFileReference; explicitFileType = wrapper.application; includeInIndex = 0; path = Simpilfy.app; sourceTree = BUILT_PRODUCTS_DIR; };
		8A11A6811D48150A00D893C2 /* AppDelegate.swift */ = {isa = PBXFileReference; lastKnownFileType = sourcecode.swift; path = AppDelegate.swift; sourceTree = "<group>"; };
		8A11A6831D48150A00D893C2 /* HomeViewController.swift */ = {isa = PBXFileReference; lastKnownFileType = sourcecode.swift; path = HomeViewController.swift; sourceTree = "<group>"; };
		8A11A6851D48150A00D893C2 /* PlaylistViewController.swift */ = {isa = PBXFileReference; lastKnownFileType = sourcecode.swift; path = PlaylistViewController.swift; sourceTree = "<group>"; };
		8A11A6881D48150A00D893C2 /* Base */ = {isa = PBXFileReference; lastKnownFileType = file.storyboard; name = Base; path = Base.lproj/Main.storyboard; sourceTree = "<group>"; };
		8A11A68A1D48150A00D893C2 /* Assets.xcassets */ = {isa = PBXFileReference; lastKnownFileType = folder.assetcatalog; path = Assets.xcassets; sourceTree = "<group>"; };
		8A11A68D1D48150A00D893C2 /* Base */ = {isa = PBXFileReference; lastKnownFileType = file.storyboard; name = Base; path = Base.lproj/LaunchScreen.storyboard; sourceTree = "<group>"; };
		8A11A68F1D48150A00D893C2 /* Info.plist */ = {isa = PBXFileReference; lastKnownFileType = text.plist.xml; path = Info.plist; sourceTree = "<group>"; };
		8A11A6941D48150A00D893C2 /* SimpilfyTests.xctest */ = {isa = PBXFileReference; explicitFileType = wrapper.cfbundle; includeInIndex = 0; path = SimpilfyTests.xctest; sourceTree = BUILT_PRODUCTS_DIR; };
		8A11A6981D48150A00D893C2 /* SimpilfyTests.swift */ = {isa = PBXFileReference; lastKnownFileType = sourcecode.swift; path = SimpilfyTests.swift; sourceTree = "<group>"; };
		8A11A69A1D48150A00D893C2 /* Info.plist */ = {isa = PBXFileReference; lastKnownFileType = text.plist.xml; path = Info.plist; sourceTree = "<group>"; };
		8A11A69F1D48150A00D893C2 /* SimpilfyUITests.xctest */ = {isa = PBXFileReference; explicitFileType = wrapper.cfbundle; includeInIndex = 0; path = SimpilfyUITests.xctest; sourceTree = BUILT_PRODUCTS_DIR; };
		8A11A6A31D48150A00D893C2 /* SimpilfyUITests.swift */ = {isa = PBXFileReference; lastKnownFileType = sourcecode.swift; path = SimpilfyUITests.swift; sourceTree = "<group>"; };
		8A11A6A51D48150A00D893C2 /* Info.plist */ = {isa = PBXFileReference; lastKnownFileType = text.plist.xml; path = Info.plist; sourceTree = "<group>"; };
		8A11A6B11D48154F00D893C2 /* Spotify.framework */ = {isa = PBXFileReference; lastKnownFileType = wrapper.framework; path = Spotify.framework; sourceTree = "<group>"; };
		8A11A6B41D4815C400D893C2 /* AVFoundation.framework */ = {isa = PBXFileReference; lastKnownFileType = wrapper.framework; name = AVFoundation.framework; path = System/Library/Frameworks/AVFoundation.framework; sourceTree = SDKROOT; };
		8A11A6B61D4815C800D893C2 /* SystemConfiguration.framework */ = {isa = PBXFileReference; lastKnownFileType = wrapper.framework; name = SystemConfiguration.framework; path = System/Library/Frameworks/SystemConfiguration.framework; sourceTree = SDKROOT; };
		8A11A6B81D48164C00D893C2 /* Simpilfy-Bridging-Header.h */ = {isa = PBXFileReference; lastKnownFileType = sourcecode.c.h; path = "Simpilfy-Bridging-Header.h"; sourceTree = "<group>"; };
		8A11A6BB1D482B4E00D893C2 /* SpotifyManager.swift */ = {isa = PBXFileReference; fileEncoding = 4; lastKnownFileType = sourcecode.swift; name = SpotifyManager.swift; path = ../SpotifyManager.swift; sourceTree = "<group>"; };
		8A11A6BD1D485C3900D893C2 /* Globals.swift */ = {isa = PBXFileReference; fileEncoding = 4; lastKnownFileType = sourcecode.swift; path = Globals.swift; sourceTree = "<group>"; };
		8A11A6BF1D48F0C200D893C2 /* SongSelectionViewController.swift */ = {isa = PBXFileReference; fileEncoding = 4; lastKnownFileType = sourcecode.swift; path = SongSelectionViewController.swift; sourceTree = "<group>"; };
		8A2AC4FF1D49057800BC7BCE /* PlayController.swift */ = {isa = PBXFileReference; fileEncoding = 4; lastKnownFileType = sourcecode.swift; path = PlayController.swift; sourceTree = "<group>"; };
		8A2AC5011D49334B00BC7BCE /* FontAwesome.otf */ = {isa = PBXFileReference; lastKnownFileType = file; path = FontAwesome.otf; sourceTree = "<group>"; };
		8A2AC5031D49336000BC7BCE /* Enum.swift */ = {isa = PBXFileReference; fileEncoding = 4; lastKnownFileType = sourcecode.swift; path = Enum.swift; sourceTree = "<group>"; };
		8A2AC5041D49336000BC7BCE /* FontAwesome.swift */ = {isa = PBXFileReference; fileEncoding = 4; lastKnownFileType = sourcecode.swift; path = FontAwesome.swift; sourceTree = "<group>"; };
		8A2AC5051D49336000BC7BCE /* FontAwesomeView.swift */ = {isa = PBXFileReference; fileEncoding = 4; lastKnownFileType = sourcecode.swift; path = FontAwesomeView.swift; sourceTree = "<group>"; };
		8A2AC50A1D4A356F00BC7BCE /* SessionManager.swift */ = {isa = PBXFileReference; fileEncoding = 4; lastKnownFileType = sourcecode.swift; path = SessionManager.swift; sourceTree = "<group>"; };
		8A2AC50C1D4AAF3B00BC7BCE /* AlbumSelectionViewController.swift */ = {isa = PBXFileReference; fileEncoding = 4; lastKnownFileType = sourcecode.swift; path = AlbumSelectionViewController.swift; sourceTree = "<group>"; };
		8A2AC50E1D4AC74A00BC7BCE /* AlbumCell.swift */ = {isa = PBXFileReference; fileEncoding = 4; lastKnownFileType = sourcecode.swift; path = AlbumCell.swift; sourceTree = "<group>"; };
		8A2AC5101D4B0A8500BC7BCE /* Nuke.framework */ = {isa = PBXFileReference; lastKnownFileType = wrapper.framework; name = Nuke.framework; path = "../../Library/Developer/Xcode/DerivedData/Simpilfy-ahmahiizzveimgahjzxtcqmptapm/Build/Products/Debug-iphonesimulator/Nuke/Nuke.framework"; sourceTree = "<group>"; };
		8AC4FF0E1D4DAB3800258017 /* SideBarController.swift */ = {isa = PBXFileReference; fileEncoding = 4; lastKnownFileType = sourcecode.swift; path = SideBarController.swift; sourceTree = "<group>"; };
		8EE4D22AAF79EBED0167E96E /* Pods-SimpilfyTests.release.xcconfig */ = {isa = PBXFileReference; includeInIndex = 1; lastKnownFileType = text.xcconfig; name = "Pods-SimpilfyTests.release.xcconfig"; path = "Pods/Target Support Files/Pods-SimpilfyTests/Pods-SimpilfyTests.release.xcconfig"; sourceTree = "<group>"; };
		978213E3BD45D6BC990940E3 /* Pods_SimpilfyUITests.framework */ = {isa = PBXFileReference; explicitFileType = wrapper.framework; includeInIndex = 0; path = Pods_SimpilfyUITests.framework; sourceTree = BUILT_PRODUCTS_DIR; };
		A31A8E41BF2C2E2427A66BC0 /* Pods-SimpilfyUITests.release.xcconfig */ = {isa = PBXFileReference; includeInIndex = 1; lastKnownFileType = text.xcconfig; name = "Pods-SimpilfyUITests.release.xcconfig"; path = "Pods/Target Support Files/Pods-SimpilfyUITests/Pods-SimpilfyUITests.release.xcconfig"; sourceTree = "<group>"; };
		A5E53A31069E999F91363AF6 /* Pods-Simpilfy.release.xcconfig */ = {isa = PBXFileReference; includeInIndex = 1; lastKnownFileType = text.xcconfig; name = "Pods-Simpilfy.release.xcconfig"; path = "Pods/Target Support Files/Pods-Simpilfy/Pods-Simpilfy.release.xcconfig"; sourceTree = "<group>"; };
		EB29C65F8D960D682CBBEB50 /* Pods-SimpilfyTests.debug.xcconfig */ = {isa = PBXFileReference; includeInIndex = 1; lastKnownFileType = text.xcconfig; name = "Pods-SimpilfyTests.debug.xcconfig"; path = "Pods/Target Support Files/Pods-SimpilfyTests/Pods-SimpilfyTests.debug.xcconfig"; sourceTree = "<group>"; };
		EB2E1677AD454B0E9B9EF974 /* Pods-SimpilfyUITests.debug.xcconfig */ = {isa = PBXFileReference; includeInIndex = 1; lastKnownFileType = text.xcconfig; name = "Pods-SimpilfyUITests.debug.xcconfig"; path = "Pods/Target Support Files/Pods-SimpilfyUITests/Pods-SimpilfyUITests.debug.xcconfig"; sourceTree = "<group>"; };
		EEC4B3EF15C0AB1589068F6C /* Pods_SimpilfyTests.framework */ = {isa = PBXFileReference; explicitFileType = wrapper.framework; includeInIndex = 0; path = Pods_SimpilfyTests.framework; sourceTree = BUILT_PRODUCTS_DIR; };
/* End PBXFileReference section */

/* Begin PBXFrameworksBuildPhase section */
		8A11A67B1D48150A00D893C2 /* Frameworks */ = {
			isa = PBXFrameworksBuildPhase;
			buildActionMask = 2147483647;
			files = (
				8A11A6B71D4815C800D893C2 /* SystemConfiguration.framework in Frameworks */,
				8A11A6B51D4815C400D893C2 /* AVFoundation.framework in Frameworks */,
				8A11A6B21D48154F00D893C2 /* Spotify.framework in Frameworks */,
				7473DCED48624339673F736F /* Pods_Simpilfy.framework in Frameworks */,
			);
			runOnlyForDeploymentPostprocessing = 0;
		};
		8A11A6911D48150A00D893C2 /* Frameworks */ = {
			isa = PBXFrameworksBuildPhase;
			buildActionMask = 2147483647;
			files = (
				54685041D270CB3C42333DD8 /* Pods_SimpilfyTests.framework in Frameworks */,
			);
			runOnlyForDeploymentPostprocessing = 0;
		};
		8A11A69C1D48150A00D893C2 /* Frameworks */ = {
			isa = PBXFrameworksBuildPhase;
			buildActionMask = 2147483647;
			files = (
				9AFBDF8F5C30E8F7DA6D850E /* Pods_SimpilfyUITests.framework in Frameworks */,
			);
			runOnlyForDeploymentPostprocessing = 0;
		};
/* End PBXFrameworksBuildPhase section */

/* Begin PBXGroup section */
		4479CF052DF83D37DB38853B /* Pods */ = {
			isa = PBXGroup;
			children = (
				1CDF2820BF283EA24C692AED /* Pods-Simpilfy.debug.xcconfig */,
				A5E53A31069E999F91363AF6 /* Pods-Simpilfy.release.xcconfig */,
				EB29C65F8D960D682CBBEB50 /* Pods-SimpilfyTests.debug.xcconfig */,
				8EE4D22AAF79EBED0167E96E /* Pods-SimpilfyTests.release.xcconfig */,
				EB2E1677AD454B0E9B9EF974 /* Pods-SimpilfyUITests.debug.xcconfig */,
				A31A8E41BF2C2E2427A66BC0 /* Pods-SimpilfyUITests.release.xcconfig */,
			);
			name = Pods;
			sourceTree = "<group>";
		};
		8A11A6751D48150A00D893C2 = {
			isa = PBXGroup;
			children = (
				8A11A6801D48150A00D893C2 /* Simpilfy */,
				8A11A6971D48150A00D893C2 /* SimpilfyTests */,
				8A11A6A21D48150A00D893C2 /* SimpilfyUITests */,
				8A11A67F1D48150A00D893C2 /* Products */,
				4479CF052DF83D37DB38853B /* Pods */,
				A85FC4FFCF327B95F38EA57E /* Frameworks */,
			);
			sourceTree = "<group>";
		};
		8A11A67F1D48150A00D893C2 /* Products */ = {
			isa = PBXGroup;
			children = (
				8A11A67E1D48150A00D893C2 /* Simpilfy.app */,
				8A11A6941D48150A00D893C2 /* SimpilfyTests.xctest */,
				8A11A69F1D48150A00D893C2 /* SimpilfyUITests.xctest */,
			);
			name = Products;
			sourceTree = "<group>";
		};
		8A11A6801D48150A00D893C2 /* Simpilfy */ = {
			isa = PBXGroup;
			children = (
				8A2AC5091D49336300BC7BCE /* Font Awesome */,
				8A11A6BB1D482B4E00D893C2 /* SpotifyManager.swift */,
				8A11A6B31D48155500D893C2 /* Fwamewurks */,
				8A11A6811D48150A00D893C2 /* AppDelegate.swift */,
				8A11A6831D48150A00D893C2 /* HomeViewController.swift */,
				8A2AC50A1D4A356F00BC7BCE /* SessionManager.swift */,
				8A2AC4FF1D49057800BC7BCE /* PlayController.swift */,
				8AC4FF0E1D4DAB3800258017 /* SideBarController.swift */,
				8A11A6BD1D485C3900D893C2 /* Globals.swift */,
				8A11A6851D48150A00D893C2 /* PlaylistViewController.swift */,
				8A11A6871D48150A00D893C2 /* Main.storyboard */,
				8A11A6BF1D48F0C200D893C2 /* SongSelectionViewController.swift */,
				8A2AC50C1D4AAF3B00BC7BCE /* AlbumSelectionViewController.swift */,
				8A2AC50E1D4AC74A00BC7BCE /* AlbumCell.swift */,
				8A11A68A1D48150A00D893C2 /* Assets.xcassets */,
				8A11A68C1D48150A00D893C2 /* LaunchScreen.storyboard */,
				8A11A68F1D48150A00D893C2 /* Info.plist */,
				8A11A6B81D48164C00D893C2 /* Simpilfy-Bridging-Header.h */,
			);
			path = Simpilfy;
			sourceTree = "<group>";
		};
		8A11A6971D48150A00D893C2 /* SimpilfyTests */ = {
			isa = PBXGroup;
			children = (
				8A11A6981D48150A00D893C2 /* SimpilfyTests.swift */,
				8A11A69A1D48150A00D893C2 /* Info.plist */,
			);
			path = SimpilfyTests;
			sourceTree = "<group>";
		};
		8A11A6A21D48150A00D893C2 /* SimpilfyUITests */ = {
			isa = PBXGroup;
			children = (
				8A11A6A31D48150A00D893C2 /* SimpilfyUITests.swift */,
				8A11A6A51D48150A00D893C2 /* Info.plist */,
			);
			path = SimpilfyUITests;
			sourceTree = "<group>";
		};
		8A11A6B31D48155500D893C2 /* Fwamewurks */ = {
			isa = PBXGroup;
			children = (
				8A11A6B61D4815C800D893C2 /* SystemConfiguration.framework */,
				8A11A6B41D4815C400D893C2 /* AVFoundation.framework */,
				8A11A6B11D48154F00D893C2 /* Spotify.framework */,
			);
			name = Fwamewurks;
			sourceTree = "<group>";
		};
		8A2AC5091D49336300BC7BCE /* Font Awesome */ = {
			isa = PBXGroup;
			children = (
				8A2AC5031D49336000BC7BCE /* Enum.swift */,
				8A2AC5041D49336000BC7BCE /* FontAwesome.swift */,
				8A2AC5051D49336000BC7BCE /* FontAwesomeView.swift */,
				8A2AC5011D49334B00BC7BCE /* FontAwesome.otf */,
			);
			name = "Font Awesome";
			sourceTree = "<group>";
		};
		A85FC4FFCF327B95F38EA57E /* Frameworks */ = {
			isa = PBXGroup;
			children = (
				8A2AC5101D4B0A8500BC7BCE /* Nuke.framework */,
				2040C693AC8430CE8FEC00D8 /* Pods_Simpilfy.framework */,
				EEC4B3EF15C0AB1589068F6C /* Pods_SimpilfyTests.framework */,
				978213E3BD45D6BC990940E3 /* Pods_SimpilfyUITests.framework */,
			);
			name = Frameworks;
			sourceTree = "<group>";
		};
/* End PBXGroup section */

/* Begin PBXNativeTarget section */
		8A11A67D1D48150A00D893C2 /* Simpilfy */ = {
			isa = PBXNativeTarget;
			buildConfigurationList = 8A11A6A81D48150A00D893C2 /* Build configuration list for PBXNativeTarget "Simpilfy" */;
			buildPhases = (
				C6A4BEC16CF53BAAA099756D /* [CP] Check Pods Manifest.lock */,
				8A11A67A1D48150A00D893C2 /* Sources */,
				8A11A67B1D48150A00D893C2 /* Frameworks */,
				8A11A67C1D48150A00D893C2 /* Resources */,
				ABE2ADE1670DB27EA12CBF7D /* [CP] Embed Pods Frameworks */,
				4A43189EA3749F5A23A36A39 /* [CP] Copy Pods Resources */,
			);
			buildRules = (
			);
			dependencies = (
			);
			name = Simpilfy;
			productName = Simpilfy;
			productReference = 8A11A67E1D48150A00D893C2 /* Simpilfy.app */;
			productType = "com.apple.product-type.application";
		};
		8A11A6931D48150A00D893C2 /* SimpilfyTests */ = {
			isa = PBXNativeTarget;
			buildConfigurationList = 8A11A6AB1D48150A00D893C2 /* Build configuration list for PBXNativeTarget "SimpilfyTests" */;
			buildPhases = (
				672F9FCA87006523561E97BE /* [CP] Check Pods Manifest.lock */,
				8A11A6901D48150A00D893C2 /* Sources */,
				8A11A6911D48150A00D893C2 /* Frameworks */,
				8A11A6921D48150A00D893C2 /* Resources */,
				41559727745ED3492C8E332E /* [CP] Embed Pods Frameworks */,
				8E810A9EA03D18E729EE3E7D /* [CP] Copy Pods Resources */,
			);
			buildRules = (
			);
			dependencies = (
				8A11A6961D48150A00D893C2 /* PBXTargetDependency */,
			);
			name = SimpilfyTests;
			productName = SimpilfyTests;
			productReference = 8A11A6941D48150A00D893C2 /* SimpilfyTests.xctest */;
			productType = "com.apple.product-type.bundle.unit-test";
		};
		8A11A69E1D48150A00D893C2 /* SimpilfyUITests */ = {
			isa = PBXNativeTarget;
			buildConfigurationList = 8A11A6AE1D48150A00D893C2 /* Build configuration list for PBXNativeTarget "SimpilfyUITests" */;
			buildPhases = (
				2C2D38C51D6CC398ABFC7FFA /* [CP] Check Pods Manifest.lock */,
				8A11A69B1D48150A00D893C2 /* Sources */,
				8A11A69C1D48150A00D893C2 /* Frameworks */,
				8A11A69D1D48150A00D893C2 /* Resources */,
				3E12327B4FD6A08DAD159EE0 /* [CP] Copy Pods Resources */,
			);
			buildRules = (
			);
			dependencies = (
				8A11A6A11D48150A00D893C2 /* PBXTargetDependency */,
			);
			name = SimpilfyUITests;
			productName = SimpilfyUITests;
			productReference = 8A11A69F1D48150A00D893C2 /* SimpilfyUITests.xctest */;
			productType = "com.apple.product-type.bundle.ui-testing";
		};
/* End PBXNativeTarget section */

/* Begin PBXProject section */
		8A11A6761D48150A00D893C2 /* Project object */ = {
			isa = PBXProject;
			attributes = {
				LastSwiftUpdateCheck = 0730;
				LastUpgradeCheck = 0730;
				ORGANIZATIONNAME = "Keaton Burleson";
				TargetAttributes = {
					8A11A67D1D48150A00D893C2 = {
						CreatedOnToolsVersion = 7.3.1;
					};
					8A11A6931D48150A00D893C2 = {
						CreatedOnToolsVersion = 7.3.1;
						TestTargetID = 8A11A67D1D48150A00D893C2;
					};
					8A11A69E1D48150A00D893C2 = {
						CreatedOnToolsVersion = 7.3.1;
						TestTargetID = 8A11A67D1D48150A00D893C2;
					};
				};
			};
			buildConfigurationList = 8A11A6791D48150A00D893C2 /* Build configuration list for PBXProject "Simpilfy" */;
			compatibilityVersion = "Xcode 3.2";
			developmentRegion = English;
			hasScannedForEncodings = 0;
			knownRegions = (
				en,
				Base,
			);
			mainGroup = 8A11A6751D48150A00D893C2;
			productRefGroup = 8A11A67F1D48150A00D893C2 /* Products */;
			projectDirPath = "";
			projectRoot = "";
			targets = (
				8A11A67D1D48150A00D893C2 /* Simpilfy */,
				8A11A6931D48150A00D893C2 /* SimpilfyTests */,
				8A11A69E1D48150A00D893C2 /* SimpilfyUITests */,
			);
		};
/* End PBXProject section */

/* Begin PBXResourcesBuildPhase section */
		8A11A67C1D48150A00D893C2 /* Resources */ = {
			isa = PBXResourcesBuildPhase;
			buildActionMask = 2147483647;
			files = (
				8A11A68E1D48150A00D893C2 /* LaunchScreen.storyboard in Resources */,
				8A11A68B1D48150A00D893C2 /* Assets.xcassets in Resources */,
				8A2AC5021D49334B00BC7BCE /* FontAwesome.otf in Resources */,
				8A11A6891D48150A00D893C2 /* Main.storyboard in Resources */,
			);
			runOnlyForDeploymentPostprocessing = 0;
		};
		8A11A6921D48150A00D893C2 /* Resources */ = {
			isa = PBXResourcesBuildPhase;
			buildActionMask = 2147483647;
			files = (
			);
			runOnlyForDeploymentPostprocessing = 0;
		};
		8A11A69D1D48150A00D893C2 /* Resources */ = {
			isa = PBXResourcesBuildPhase;
			buildActionMask = 2147483647;
			files = (
			);
			runOnlyForDeploymentPostprocessing = 0;
		};
/* End PBXResourcesBuildPhase section */

/* Begin PBXShellScriptBuildPhase section */
		2C2D38C51D6CC398ABFC7FFA /* [CP] Check Pods Manifest.lock */ = {
			isa = PBXShellScriptBuildPhase;
			buildActionMask = 2147483647;
			files = (
			);
			inputPaths = (
			);
			name = "[CP] Check Pods Manifest.lock";
			outputPaths = (
			);
			runOnlyForDeploymentPostprocessing = 0;
			shellPath = /bin/sh;
			shellScript = "diff \"${PODS_ROOT}/../Podfile.lock\" \"${PODS_ROOT}/Manifest.lock\" > /dev/null\nif [[ $? != 0 ]] ; then\n    cat << EOM\nerror: The sandbox is not in sync with the Podfile.lock. Run 'pod install' or update your CocoaPods installation.\nEOM\n    exit 1\nfi\n";
			showEnvVarsInLog = 0;
		};
		3E12327B4FD6A08DAD159EE0 /* [CP] Copy Pods Resources */ = {
			isa = PBXShellScriptBuildPhase;
			buildActionMask = 2147483647;
			files = (
			);
			inputPaths = (
			);
			name = "[CP] Copy Pods Resources";
			outputPaths = (
			);
			runOnlyForDeploymentPostprocessing = 0;
			shellPath = /bin/sh;
			shellScript = "\"${SRCROOT}/Pods/Target Support Files/Pods-SimpilfyUITests/Pods-SimpilfyUITests-resources.sh\"\n";
			showEnvVarsInLog = 0;
		};
		41559727745ED3492C8E332E /* [CP] Embed Pods Frameworks */ = {
			isa = PBXShellScriptBuildPhase;
			buildActionMask = 2147483647;
			files = (
			);
			inputPaths = (
			);
			name = "[CP] Embed Pods Frameworks";
			outputPaths = (
			);
			runOnlyForDeploymentPostprocessing = 0;
			shellPath = /bin/sh;
			shellScript = "\"${SRCROOT}/Pods/Target Support Files/Pods-SimpilfyTests/Pods-SimpilfyTests-frameworks.sh\"\n";
			showEnvVarsInLog = 0;
		};
		4A43189EA3749F5A23A36A39 /* [CP] Copy Pods Resources */ = {
			isa = PBXShellScriptBuildPhase;
			buildActionMask = 2147483647;
			files = (
			);
			inputPaths = (
			);
			name = "[CP] Copy Pods Resources";
			outputPaths = (
			);
			runOnlyForDeploymentPostprocessing = 0;
			shellPath = /bin/sh;
			shellScript = "\"${SRCROOT}/Pods/Target Support Files/Pods-Simpilfy/Pods-Simpilfy-resources.sh\"\n";
			showEnvVarsInLog = 0;
		};
		672F9FCA87006523561E97BE /* [CP] Check Pods Manifest.lock */ = {
			isa = PBXShellScriptBuildPhase;
			buildActionMask = 2147483647;
			files = (
			);
			inputPaths = (
			);
			name = "[CP] Check Pods Manifest.lock";
			outputPaths = (
			);
			runOnlyForDeploymentPostprocessing = 0;
			shellPath = /bin/sh;
			shellScript = "diff \"${PODS_ROOT}/../Podfile.lock\" \"${PODS_ROOT}/Manifest.lock\" > /dev/null\nif [[ $? != 0 ]] ; then\n    cat << EOM\nerror: The sandbox is not in sync with the Podfile.lock. Run 'pod install' or update your CocoaPods installation.\nEOM\n    exit 1\nfi\n";
			showEnvVarsInLog = 0;
		};
		8E810A9EA03D18E729EE3E7D /* [CP] Copy Pods Resources */ = {
			isa = PBXShellScriptBuildPhase;
			buildActionMask = 2147483647;
			files = (
			);
			inputPaths = (
			);
			name = "[CP] Copy Pods Resources";
			outputPaths = (
			);
			runOnlyForDeploymentPostprocessing = 0;
			shellPath = /bin/sh;
			shellScript = "\"${SRCROOT}/Pods/Target Support Files/Pods-SimpilfyTests/Pods-SimpilfyTests-resources.sh\"\n";
			showEnvVarsInLog = 0;
		};
		ABE2ADE1670DB27EA12CBF7D /* [CP] Embed Pods Frameworks */ = {
			isa = PBXShellScriptBuildPhase;
			buildActionMask = 2147483647;
			files = (
			);
			inputPaths = (
			);
			name = "[CP] Embed Pods Frameworks";
			outputPaths = (
			);
			runOnlyForDeploymentPostprocessing = 0;
			shellPath = /bin/sh;
			shellScript = "\"${SRCROOT}/Pods/Target Support Files/Pods-Simpilfy/Pods-Simpilfy-frameworks.sh\"\n";
			showEnvVarsInLog = 0;
		};
		C6A4BEC16CF53BAAA099756D /* [CP] Check Pods Manifest.lock */ = {
			isa = PBXShellScriptBuildPhase;
			buildActionMask = 2147483647;
			files = (
			);
			inputPaths = (
			);
			name = "[CP] Check Pods Manifest.lock";
			outputPaths = (
			);
			runOnlyForDeploymentPostprocessing = 0;
			shellPath = /bin/sh;
			shellScript = "diff \"${PODS_ROOT}/../Podfile.lock\" \"${PODS_ROOT}/Manifest.lock\" > /dev/null\nif [[ $? != 0 ]] ; then\n    cat << EOM\nerror: The sandbox is not in sync with the Podfile.lock. Run 'pod install' or update your CocoaPods installation.\nEOM\n    exit 1\nfi\n";
			showEnvVarsInLog = 0;
		};
/* End PBXShellScriptBuildPhase section */

/* Begin PBXSourcesBuildPhase section */
		8A11A67A1D48150A00D893C2 /* Sources */ = {
			isa = PBXSourcesBuildPhase;
			buildActionMask = 2147483647;
			files = (
				8A11A6C01D48F0C200D893C2 /* SongSelectionViewController.swift in Sources */,
				8A2AC50F1D4AC74A00BC7BCE /* AlbumCell.swift in Sources */,
				8A2AC5081D49336000BC7BCE /* FontAwesomeView.swift in Sources */,
				8A11A6BC1D482B4E00D893C2 /* SpotifyManager.swift in Sources */,
				8A2AC5061D49336000BC7BCE /* Enum.swift in Sources */,
				8A11A6861D48150A00D893C2 /* PlaylistViewController.swift in Sources */,
				8A2AC5001D49057800BC7BCE /* PlayController.swift in Sources */,
				8A11A6821D48150A00D893C2 /* AppDelegate.swift in Sources */,
				8A11A6BE1D485C3900D893C2 /* Globals.swift in Sources */,
				8A2AC5071D49336000BC7BCE /* FontAwesome.swift in Sources */,
				8A11A6841D48150A00D893C2 /* HomeViewController.swift in Sources */,
				8A2AC50B1D4A356F00BC7BCE /* SessionManager.swift in Sources */,
				8AC4FF0F1D4DAB3800258017 /* SideBarController.swift in Sources */,
				8A2AC50D1D4AAF3B00BC7BCE /* AlbumSelectionViewController.swift in Sources */,
			);
			runOnlyForDeploymentPostprocessing = 0;
		};
		8A11A6901D48150A00D893C2 /* Sources */ = {
			isa = PBXSourcesBuildPhase;
			buildActionMask = 2147483647;
			files = (
				8A11A6991D48150A00D893C2 /* SimpilfyTests.swift in Sources */,
			);
			runOnlyForDeploymentPostprocessing = 0;
		};
		8A11A69B1D48150A00D893C2 /* Sources */ = {
			isa = PBXSourcesBuildPhase;
			buildActionMask = 2147483647;
			files = (
				8A11A6A41D48150A00D893C2 /* SimpilfyUITests.swift in Sources */,
			);
			runOnlyForDeploymentPostprocessing = 0;
		};
/* End PBXSourcesBuildPhase section */

/* Begin PBXTargetDependency section */
		8A11A6961D48150A00D893C2 /* PBXTargetDependency */ = {
			isa = PBXTargetDependency;
			target = 8A11A67D1D48150A00D893C2 /* Simpilfy */;
			targetProxy = 8A11A6951D48150A00D893C2 /* PBXContainerItemProxy */;
		};
		8A11A6A11D48150A00D893C2 /* PBXTargetDependency */ = {
			isa = PBXTargetDependency;
			target = 8A11A67D1D48150A00D893C2 /* Simpilfy */;
			targetProxy = 8A11A6A01D48150A00D893C2 /* PBXContainerItemProxy */;
		};
/* End PBXTargetDependency section */

/* Begin PBXVariantGroup section */
		8A11A6871D48150A00D893C2 /* Main.storyboard */ = {
			isa = PBXVariantGroup;
			children = (
				8A11A6881D48150A00D893C2 /* Base */,
			);
			name = Main.storyboard;
			sourceTree = "<group>";
		};
		8A11A68C1D48150A00D893C2 /* LaunchScreen.storyboard */ = {
			isa = PBXVariantGroup;
			children = (
				8A11A68D1D48150A00D893C2 /* Base */,
			);
			name = LaunchScreen.storyboard;
			sourceTree = "<group>";
		};
/* End PBXVariantGroup section */

/* Begin XCBuildConfiguration section */
		8A11A6A61D48150A00D893C2 /* Debug */ = {
			isa = XCBuildConfiguration;
			buildSettings = {
				ALWAYS_SEARCH_USER_PATHS = NO;
				CLANG_ANALYZER_NONNULL = YES;
				CLANG_CXX_LANGUAGE_STANDARD = "gnu++0x";
				CLANG_CXX_LIBRARY = "libc++";
				CLANG_ENABLE_MODULES = YES;
				CLANG_ENABLE_OBJC_ARC = YES;
				CLANG_WARN_BOOL_CONVERSION = YES;
				CLANG_WARN_CONSTANT_CONVERSION = YES;
				CLANG_WARN_DIRECT_OBJC_ISA_USAGE = YES_ERROR;
				CLANG_WARN_EMPTY_BODY = YES;
				CLANG_WARN_ENUM_CONVERSION = YES;
				CLANG_WARN_INT_CONVERSION = YES;
				CLANG_WARN_OBJC_ROOT_CLASS = YES_ERROR;
				CLANG_WARN_UNREACHABLE_CODE = YES;
				CLANG_WARN__DUPLICATE_METHOD_MATCH = YES;
				"CODE_SIGN_IDENTITY[sdk=iphoneos*]" = "iPhone Developer";
				COPY_PHASE_STRIP = NO;
				DEBUG_INFORMATION_FORMAT = dwarf;
				ENABLE_STRICT_OBJC_MSGSEND = YES;
				ENABLE_TESTABILITY = YES;
				GCC_C_LANGUAGE_STANDARD = gnu99;
				GCC_DYNAMIC_NO_PIC = NO;
				GCC_NO_COMMON_BLOCKS = YES;
				GCC_OPTIMIZATION_LEVEL = 0;
				GCC_PREPROCESSOR_DEFINITIONS = (
					"DEBUG=1",
					"$(inherited)",
				);
				GCC_WARN_64_TO_32_BIT_CONVERSION = YES;
				GCC_WARN_ABOUT_RETURN_TYPE = YES_ERROR;
				GCC_WARN_UNDECLARED_SELECTOR = YES;
				GCC_WARN_UNINITIALIZED_AUTOS = YES_AGGRESSIVE;
				GCC_WARN_UNUSED_FUNCTION = YES;
				GCC_WARN_UNUSED_VARIABLE = YES;
				IPHONEOS_DEPLOYMENT_TARGET = 9.3;
				MTL_ENABLE_DEBUG_INFO = YES;
				ONLY_ACTIVE_ARCH = YES;
				SDKROOT = iphoneos;
				SWIFT_OPTIMIZATION_LEVEL = "-Onone";
				TARGETED_DEVICE_FAMILY = "1,2";
			};
			name = Debug;
		};
		8A11A6A71D48150A00D893C2 /* Release */ = {
			isa = XCBuildConfiguration;
			buildSettings = {
				ALWAYS_SEARCH_USER_PATHS = NO;
				CLANG_ANALYZER_NONNULL = YES;
				CLANG_CXX_LANGUAGE_STANDARD = "gnu++0x";
				CLANG_CXX_LIBRARY = "libc++";
				CLANG_ENABLE_MODULES = YES;
				CLANG_ENABLE_OBJC_ARC = YES;
				CLANG_WARN_BOOL_CONVERSION = YES;
				CLANG_WARN_CONSTANT_CONVERSION = YES;
				CLANG_WARN_DIRECT_OBJC_ISA_USAGE = YES_ERROR;
				CLANG_WARN_EMPTY_BODY = YES;
				CLANG_WARN_ENUM_CONVERSION = YES;
				CLANG_WARN_INT_CONVERSION = YES;
				CLANG_WARN_OBJC_ROOT_CLASS = YES_ERROR;
				CLANG_WARN_UNREACHABLE_CODE = YES;
				CLANG_WARN__DUPLICATE_METHOD_MATCH = YES;
				"CODE_SIGN_IDENTITY[sdk=iphoneos*]" = "iPhone Developer";
				COPY_PHASE_STRIP = NO;
				DEBUG_INFORMATION_FORMAT = "dwarf-with-dsym";
				ENABLE_NS_ASSERTIONS = NO;
				ENABLE_STRICT_OBJC_MSGSEND = YES;
				GCC_C_LANGUAGE_STANDARD = gnu99;
				GCC_NO_COMMON_BLOCKS = YES;
				GCC_WARN_64_TO_32_BIT_CONVERSION = YES;
				GCC_WARN_ABOUT_RETURN_TYPE = YES_ERROR;
				GCC_WARN_UNDECLARED_SELECTOR = YES;
				GCC_WARN_UNINITIALIZED_AUTOS = YES_AGGRESSIVE;
				GCC_WARN_UNUSED_FUNCTION = YES;
				GCC_WARN_UNUSED_VARIABLE = YES;
				IPHONEOS_DEPLOYMENT_TARGET = 9.3;
				MTL_ENABLE_DEBUG_INFO = NO;
				SDKROOT = iphoneos;
				TARGETED_DEVICE_FAMILY = "1,2";
				VALIDATE_PRODUCT = YES;
			};
			name = Release;
		};
		8A11A6A91D48150A00D893C2 /* Debug */ = {
			isa = XCBuildConfiguration;
			baseConfigurationReference = 1CDF2820BF283EA24C692AED /* Pods-Simpilfy.debug.xcconfig */;
			buildSettings = {
				ASSETCATALOG_COMPILER_APPICON_NAME = "AppIcon-1";
				CLANG_ENABLE_MODULES = YES;
				FRAMEWORK_SEARCH_PATHS = (
					"$(inherited)",
					"$(PROJECT_DIR)/Simpilfy",
				);
				GCC_WARN_ABOUT_DEPRECATED_FUNCTIONS = NO;
				INFOPLIST_FILE = Simpilfy/Info.plist;
				LD_RUNPATH_SEARCH_PATHS = "$(inherited) @executable_path/Frameworks";
				OTHER_LDFLAGS = (
					"$(inherited)",
					"-ObjC",
				);
				PRODUCT_BUNDLE_IDENTIFIER = com.bittank.Simpilfy;
				PRODUCT_NAME = "$(TARGET_NAME)";
				SWIFT_OBJC_BRIDGING_HEADER = "Simpilfy/Simpilfy-Bridging-Header.h";
				SWIFT_OPTIMIZATION_LEVEL = "-Onone";
			};
			name = Debug;
		};
		8A11A6AA1D48150A00D893C2 /* Release */ = {
			isa = XCBuildConfiguration;
			baseConfigurationReference = A5E53A31069E999F91363AF6 /* Pods-Simpilfy.release.xcconfig */;
			buildSettings = {
				ASSETCATALOG_COMPILER_APPICON_NAME = "AppIcon-1";
				CLANG_ENABLE_MODULES = YES;
				FRAMEWORK_SEARCH_PATHS = (
					"$(inherited)",
					"$(PROJECT_DIR)/Simpilfy",
				);
				GCC_WARN_ABOUT_DEPRECATED_FUNCTIONS = NO;
				INFOPLIST_FILE = Simpilfy/Info.plist;
				LD_RUNPATH_SEARCH_PATHS = "$(inherited) @executable_path/Frameworks";
				OTHER_LDFLAGS = (
					"$(inherited)",
					"-ObjC",
				);
				PRODUCT_BUNDLE_IDENTIFIER = com.bittank.Simpilfy;
				PRODUCT_NAME = "$(TARGET_NAME)";
				SWIFT_OBJC_BRIDGING_HEADER = "Simpilfy/Simpilfy-Bridging-Header.h";
			};
			name = Release;
		};
		8A11A6AC1D48150A00D893C2 /* Debug */ = {
			isa = XCBuildConfiguration;
			baseConfigurationReference = EB29C65F8D960D682CBBEB50 /* Pods-SimpilfyTests.debug.xcconfig */;
			buildSettings = {
				BUNDLE_LOADER = "$(TEST_HOST)";
				INFOPLIST_FILE = SimpilfyTests/Info.plist;
				LD_RUNPATH_SEARCH_PATHS = "$(inherited) @executable_path/Frameworks @loader_path/Frameworks";
				PRODUCT_BUNDLE_IDENTIFIER = com.bittank.SimpilfyTests;
				PRODUCT_NAME = "$(TARGET_NAME)";
				TEST_HOST = "$(BUILT_PRODUCTS_DIR)/Simpilfy.app/Simpilfy";
			};
			name = Debug;
		};
		8A11A6AD1D48150A00D893C2 /* Release */ = {
			isa = XCBuildConfiguration;
			baseConfigurationReference = 8EE4D22AAF79EBED0167E96E /* Pods-SimpilfyTests.release.xcconfig */;
			buildSettings = {
				BUNDLE_LOADER = "$(TEST_HOST)";
				INFOPLIST_FILE = SimpilfyTests/Info.plist;
				LD_RUNPATH_SEARCH_PATHS = "$(inherited) @executable_path/Frameworks @loader_path/Frameworks";
				PRODUCT_BUNDLE_IDENTIFIER = com.bittank.SimpilfyTests;
				PRODUCT_NAME = "$(TARGET_NAME)";
				TEST_HOST = "$(BUILT_PRODUCTS_DIR)/Simpilfy.app/Simpilfy";
			};
			name = Release;
		};
		8A11A6AF1D48150A00D893C2 /* Debug */ = {
			isa = XCBuildConfiguration;
			baseConfigurationReference = EB2E1677AD454B0E9B9EF974 /* Pods-SimpilfyUITests.debug.xcconfig */;
			buildSettings = {
				INFOPLIST_FILE = SimpilfyUITests/Info.plist;
				LD_RUNPATH_SEARCH_PATHS = "$(inherited) @executable_path/Frameworks @loader_path/Frameworks";
				PRODUCT_BUNDLE_IDENTIFIER = com.bittank.SimpilfyUITests;
				PRODUCT_NAME = "$(TARGET_NAME)";
				TEST_TARGET_NAME = Simpilfy;
			};
			name = Debug;
		};
		8A11A6B01D48150A00D893C2 /* Release */ = {
			isa = XCBuildConfiguration;
			baseConfigurationReference = A31A8E41BF2C2E2427A66BC0 /* Pods-SimpilfyUITests.release.xcconfig */;
			buildSettings = {
				INFOPLIST_FILE = SimpilfyUITests/Info.plist;
				LD_RUNPATH_SEARCH_PATHS = "$(inherited) @executable_path/Frameworks @loader_path/Frameworks";
				PRODUCT_BUNDLE_IDENTIFIER = com.bittank.SimpilfyUITests;
				PRODUCT_NAME = "$(TARGET_NAME)";
				TEST_TARGET_NAME = Simpilfy;
			};
			name = Release;
		};
/* End XCBuildConfiguration section */

/* Begin XCConfigurationList section */
		8A11A6791D48150A00D893C2 /* Build configuration list for PBXProject "Simpilfy" */ = {
			isa = XCConfigurationList;
			buildConfigurations = (
				8A11A6A61D48150A00D893C2 /* Debug */,
				8A11A6A71D48150A00D893C2 /* Release */,
			);
			defaultConfigurationIsVisible = 0;
			defaultConfigurationName = Release;
		};
		8A11A6A81D48150A00D893C2 /* Build configuration list for PBXNativeTarget "Simpilfy" */ = {
			isa = XCConfigurationList;
			buildConfigurations = (
				8A11A6A91D48150A00D893C2 /* Debug */,
				8A11A6AA1D48150A00D893C2 /* Release */,
			);
			defaultConfigurationIsVisible = 0;
			defaultConfigurationName = Release;
		};
		8A11A6AB1D48150A00D893C2 /* Build configuration list for PBXNativeTarget "SimpilfyTests" */ = {
			isa = XCConfigurationList;
			buildConfigurations = (
				8A11A6AC1D48150A00D893C2 /* Debug */,
				8A11A6AD1D48150A00D893C2 /* Release */,
			);
			defaultConfigurationIsVisible = 0;
			defaultConfigurationName = Release;
		};
		8A11A6AE1D48150A00D893C2 /* Build configuration list for PBXNativeTarget "SimpilfyUITests" */ = {
			isa = XCConfigurationList;
			buildConfigurations = (
				8A11A6AF1D48150A00D893C2 /* Debug */,
				8A11A6B01D48150A00D893C2 /* Release */,
			);
			defaultConfigurationIsVisible = 0;
			defaultConfigurationName = Release;
		};
/* End XCConfigurationList section */
	};
	rootObject = 8A11A6761D48150A00D893C2 /* Project object */;
}
